
Microsoft Visual Studio Solution File, Format Version 12.00
# Visual Studio 14
VisualStudioVersion = 14.0.25420.1
MinimumVisualStudioVersion = 10.0.40219.1
Project("{FAE04EC0-301F-11D3-BF4B-00C04F79EFBC}") = "Net2TypeScript", "Net2TypeScript\Net2TypeScript.csproj", "{D9B99963-5403-4B81-9A05-31EB640881CF}"
EndProject
Project("{FAE04EC0-301F-11D3-BF4B-00C04F79EFBC}") = "jasMIN.Net2TypeScript.Tests", "jasMIN.Net2TypeScript.Tests\jasMIN.Net2TypeScript.Tests.csproj", "{37716D31-C392-4E4B-A09C-D65A02AF08C5}"
EndProject
Global
	GlobalSection(SolutionConfigurationPlatforms) = preSolution
		Debug|Any CPU = Debug|Any CPU
		Release|Any CPU = Release|Any CPU
	EndGlobalSection
	GlobalSection(ProjectConfigurationPlatforms) = postSolution
		{D9B99963-5403-4B81-9A05-31EB640881CF}.Debug|Any CPU.ActiveCfg = Debug|Any CPU
		{D9B99963-5403-4B81-9A05-31EB640881CF}.Debug|Any CPU.Build.0 = Debug|Any CPU
		{D9B99963-5403-4B81-9A05-31EB640881CF}.Release|Any CPU.ActiveCfg = Release|Any CPU
		{D9B99963-5403-4B81-9A05-31EB640881CF}.Release|Any CPU.Build.0 = Release|Any CPU
		{37716D31-C392-4E4B-A09C-D65A02AF08C5}.Debug|Any CPU.ActiveCfg = Debug|Any CPU
		{37716D31-C392-4E4B-A09C-D65A02AF08C5}.Debug|Any CPU.Build.0 = Debug|Any CPU
		{37716D31-C392-4E4B-A09C-D65A02AF08C5}.Release|Any CPU.ActiveCfg = Release|Any CPU
		{37716D31-C392-4E4B-A09C-D65A02AF08C5}.Release|Any CPU.Build.0 = Release|Any CPU
	EndGlobalSection
	GlobalSection(SolutionProperties) = preSolution
		HideSolutionNode = FALSE
	EndGlobalSection
EndGlobal
