
Microsoft Visual Studio Solution File, Format Version 12.00
# Visual Studio Version 16
VisualStudioVersion = 16.0.29613.14
MinimumVisualStudioVersion = 10.0.40219.1
Project("{9A19103F-16F7-4668-BE54-9A1E7A4F7556}") = "Net2TypeScript", "Net2TypeScript\Net2TypeScript.csproj", "{D9B99963-5403-4B81-9A05-31EB640881CF}"
EndProject
Project("{9A19103F-16F7-4668-BE54-9A1E7A4F7556}") = "NetCore2TypeScript", "NetCore2TypeScript\NetCore2TypeScript.csproj", "{8C4289DF-BE25-46BE-B594-B8E11E2590DE}"
EndProject
Project("{9A19103F-16F7-4668-BE54-9A1E7A4F7556}") = "Net2TypeScript.Shared", "Net2TypeScript.Shared\Net2TypeScript.Shared.csproj", "{815066C0-80CA-44E4-82EF-E24EDEF7DA00}"
EndProject
Project("{FAE04EC0-301F-11D3-BF4B-00C04F79EFBC}") = "Net2TypeScript.Shared.Tests", "Net2TypeScript.Shared.Tests\Net2TypeScript.Shared.Tests.csproj", "{7A860DDF-5072-4B77-97B6-C679DB13D3DE}"
EndProject
Global
	GlobalSection(SolutionConfigurationPlatforms) = preSolution
		Debug|Any CPU = Debug|Any CPU
		Release|Any CPU = Release|Any CPU
	EndGlobalSection
	GlobalSection(ProjectConfigurationPlatforms) = postSolution
		{D9B99963-5403-4B81-9A05-31EB640881CF}.Debug|Any CPU.ActiveCfg = Debug|Any CPU
		{D9B99963-5403-4B81-9A05-31EB640881CF}.Debug|Any CPU.Build.0 = Debug|Any CPU
		{D9B99963-5403-4B81-9A05-31EB640881CF}.Release|Any CPU.ActiveCfg = Release|Any CPU
		{D9B99963-5403-4B81-9A05-31EB640881CF}.Release|Any CPU.Build.0 = Release|Any CPU
		{8C4289DF-BE25-46BE-B594-B8E11E2590DE}.Debug|Any CPU.ActiveCfg = Debug|Any CPU
		{8C4289DF-BE25-46BE-B594-B8E11E2590DE}.Debug|Any CPU.Build.0 = Debug|Any CPU
		{8C4289DF-BE25-46BE-B594-B8E11E2590DE}.Release|Any CPU.ActiveCfg = Release|Any CPU
		{8C4289DF-BE25-46BE-B594-B8E11E2590DE}.Release|Any CPU.Build.0 = Release|Any CPU
		{815066C0-80CA-44E4-82EF-E24EDEF7DA00}.Debug|Any CPU.ActiveCfg = Debug|Any CPU
		{815066C0-80CA-44E4-82EF-E24EDEF7DA00}.Debug|Any CPU.Build.0 = Debug|Any CPU
		{815066C0-80CA-44E4-82EF-E24EDEF7DA00}.Release|Any CPU.ActiveCfg = Release|Any CPU
		{815066C0-80CA-44E4-82EF-E24EDEF7DA00}.Release|Any CPU.Build.0 = Release|Any CPU
		{7A860DDF-5072-4B77-97B6-C679DB13D3DE}.Debug|Any CPU.ActiveCfg = Debug|Any CPU
		{7A860DDF-5072-4B77-97B6-C679DB13D3DE}.Debug|Any CPU.Build.0 = Debug|Any CPU
		{7A860DDF-5072-4B77-97B6-C679DB13D3DE}.Release|Any CPU.ActiveCfg = Release|Any CPU
		{7A860DDF-5072-4B77-97B6-C679DB13D3DE}.Release|Any CPU.Build.0 = Release|Any CPU
	EndGlobalSection
	GlobalSection(SolutionProperties) = preSolution
		HideSolutionNode = FALSE
	EndGlobalSection
	GlobalSection(ExtensibilityGlobals) = postSolution
		SolutionGuid = {5F4EF3AD-CB6C-4338-B45F-6C5CB0D85469}
	EndGlobalSection
EndGlobal
